
Microsoft Visual Studio Solution File, Format Version 12.00
# Visual Studio 15
VisualStudioVersion = 15.0.27130.2010
MinimumVisualStudioVersion = 10.0.40219.1
Project("{8BC9CEB8-8B4A-11D0-8D11-00A0C91BC942}") = "VS2017OpenCV31", "VS2017OpenCV31\VS2017OpenCV31.vcxproj", "{BA006BA2-AA8F-43BB-8A2C-95570B4DEAA6}"
EndProject
Project("{8BC9CEB8-8B4A-11D0-8D11-00A0C91BC942}") = "LoadImg", "LoadImg\LoadImg.vcxproj", "{B63FA0CC-FC1B-431D-A57F-A60B936D0141}"
EndProject
Project("{8BC9CEB8-8B4A-11D0-8D11-00A0C91BC942}") = "RowRangeDemo", "RowRangeDemo\RowRangeDemo.vcxproj", "{DA73396C-7D3D-4719-B7A6-AA1B175A3B45}"
EndProject
Project("{8BC9CEB8-8B4A-11D0-8D11-00A0C91BC942}") = "KmeansDemo", "ConsoleApplication1\ConsoleApplication1.vcxproj", "{F6932995-1087-495F-A184-930C17EA3ADB}"
EndProject
Project("{8BC9CEB8-8B4A-11D0-8D11-00A0C91BC942}") = "MatDataDemo", "MatDataDemo\MatDataDemo.vcxproj", "{DB5FF351-1F92-4388-87AA-8C5D2F363617}"
EndProject
Project("{8BC9CEB8-8B4A-11D0-8D11-00A0C91BC942}") = "RGB2GrayDemo", "RGB2GrayDemo\RGB2GrayDemo.vcxproj", "{786F229C-CCB2-4762-A7C7-292789CFD883}"
EndProject
Project("{8BC9CEB8-8B4A-11D0-8D11-00A0C91BC942}") = "SplitMergeDemo", "SplitMergeDemo\SplitMergeDemo.vcxproj", "{F0EFC7D2-22AE-4CBC-934E-83289E3E3515}"
EndProject
Project("{8BC9CEB8-8B4A-11D0-8D11-00A0C91BC942}") = "DrawLinesDemo", "DrawLinesDemo\DrawLinesDemo.vcxproj", "{AFE78FB4-B606-4720-A62E-1E08F2FE0717}"
EndProject
Project("{8BC9CEB8-8B4A-11D0-8D11-00A0C91BC942}") = "CaptureDemo", "CaptureDemo\CaptureDemo.vcxproj", "{35109B55-5D82-4732-8DBB-C32749B9B5CA}"
EndProject
Project("{8BC9CEB8-8B4A-11D0-8D11-00A0C91BC942}") = "VideoReaderDemo", "VideoReaderDemo\VideoReaderDemo.vcxproj", "{1D61CA10-B66C-493D-9459-0D8364BC9B6D}"
EndProject
Project("{8BC9CEB8-8B4A-11D0-8D11-00A0C91BC942}") = "VideoWriterDemo", "VideoWriterDemo\VideoWriterDemo.vcxproj", "{61C0CB20-4FCC-4E9D-987B-21E269DBAE85}"
EndProject
Project("{8BC9CEB8-8B4A-11D0-8D11-00A0C91BC942}") = "TrackbarDemo", "TrackbarDemo\TrackbarDemo.vcxproj", "{43193273-EC93-49F0-B2D0-01FA2719F863}"
EndProject
Project("{8BC9CEB8-8B4A-11D0-8D11-00A0C91BC942}") = "MouseClickDemo", "MouseClickDemo\MouseClickDemo.vcxproj", "{9BDFE385-78F0-4A90-8DB8-BD81D8708ADD}"
EndProject
Project("{8BC9CEB8-8B4A-11D0-8D11-00A0C91BC942}") = "AdjContrastDemo", "AdjContrastDemo\AdjContrastDemo.vcxproj", "{4AE6BB8B-3BF6-46EC-850F-35597472A5F8}"
EndProject
Project("{8BC9CEB8-8B4A-11D0-8D11-00A0C91BC942}") = "AddWeightDemo", "AddWeightDemo\AddWeightDemo.vcxproj", "{B82DDCCE-8052-4394-901A-BE79B618559F}"
EndProject
Project("{8BC9CEB8-8B4A-11D0-8D11-00A0C91BC942}") = "ColorRangeDemo", "ColorRangeDemo\ColorRangeDemo.vcxproj", "{BA68B582-2CC3-4EE2-ABD6-701236C7DA18}"
EndProject
Project("{8BC9CEB8-8B4A-11D0-8D11-00A0C91BC942}") = "Gray2BWDemo", "Gray2BWDemo\Gray2BWDemo.vcxproj", "{0D594A4E-B373-4C5B-940F-C59FA21576C7}"
EndProject
Project("{8BC9CEB8-8B4A-11D0-8D11-00A0C91BC942}") = "AdaptiveThresHoldDemo", "AdaptiveThresHoldDemo\AdaptiveThresHoldDemo.vcxproj", "{0BB64353-4CDA-4669-8F2A-72A89A570337}"
EndProject
Project("{8BC9CEB8-8B4A-11D0-8D11-00A0C91BC942}") = "DilationErosionDemo", "DilationErosionDemo\DilationErosionDemo.vcxproj", "{6579E921-7BC5-47A7-8208-4C30526DE4B2}"
EndProject
Project("{8BC9CEB8-8B4A-11D0-8D11-00A0C91BC942}") = "OpenCloseDemo", "OpenCloseDemo\OpenCloseDemo.vcxproj", "{998043AF-EEDB-481D-B1CD-46B6A1EADA73}"
EndProject
Project("{8BC9CEB8-8B4A-11D0-8D11-00A0C91BC942}") = "CannyDemo", "CannyDemo\CannyDemo.vcxproj", "{9CF4B2ED-FCC7-43EC-89E1-AE3201F5D814}"
EndProject
Project("{8BC9CEB8-8B4A-11D0-8D11-00A0C91BC942}") = "SobelDemo", "SobelDemo\SobelDemo.vcxproj", "{1ECC99EA-8ACE-4E23-860E-253D268978DC}"
EndProject
Project("{8BC9CEB8-8B4A-11D0-8D11-00A0C91BC942}") = "ContourDemo1", "ContourDemo1\ContourDemo1.vcxproj", "{5B86B58A-8DD1-4F60-8582-4B32F972D838}"
EndProject
Project("{8BC9CEB8-8B4A-11D0-8D11-00A0C91BC942}") = "ContourDemo2", "ContourDemo2\ContourDemo2.vcxproj", "{CBD045E8-E3BC-42C5-8E7D-0D7701FFAA01}"
EndProject
Project("{8BC9CEB8-8B4A-11D0-8D11-00A0C91BC942}") = "ContourDemo3", "ContourDemo3\ContourDemo3.vcxproj", "{F8FCC0CE-0D31-4CC8-B7C6-F004AAE25EDE}"
EndProject
Project("{8BC9CEB8-8B4A-11D0-8D11-00A0C91BC942}") = "ContourDemo4", "ContourDemo4\ContourDemo4.vcxproj", "{1C1FA60D-F6E4-4ACD-B52E-DB0806168887}"
EndProject
Project("{8BC9CEB8-8B4A-11D0-8D11-00A0C91BC942}") = "MinAreaRectDemo", "MinAreaRectDemo\MinAreaRectDemo.vcxproj", "{722D4BB6-DFF9-40BC-986F-2F740F50B642}"
EndProject
Project("{8BC9CEB8-8B4A-11D0-8D11-00A0C91BC942}") = "EqualizeHistDemo", "EqualizeHistDemo\EqualizeHistDemo.vcxproj", "{C10D1115-455D-4042-B966-16F9D52DB38C}"
EndProject
Project("{8BC9CEB8-8B4A-11D0-8D11-00A0C91BC942}") = "Filter2DDemo", "Filter2DDemo\Filter2DDemo.vcxproj", "{8699BECC-62CF-4E17-AF24-C33EA0B251B7}"
EndProject
Project("{8BC9CEB8-8B4A-11D0-8D11-00A0C91BC942}") = "GaussianBlurDemo", "GaussianBlurDemo\GaussianBlurDemo.vcxproj", "{4CC3B7F8-9947-495A-910E-AD5067DDFABF}"
EndProject
Project("{8BC9CEB8-8B4A-11D0-8D11-00A0C91BC942}") = "HistogramDemo", "HistogramDemo\HistogramDemo.vcxproj", "{79FB5A47-11FC-4B78-BCC9-43870E47016F}"
EndProject
Project("{8BC9CEB8-8B4A-11D0-8D11-00A0C91BC942}") = "SharpenImgDemo", "SharpenImgDemo\SharpenImgDemo.vcxproj", "{E05F054E-F5EA-47BB-B0DE-FA3288436FE4}"
EndProject
Project("{8BC9CEB8-8B4A-11D0-8D11-00A0C91BC942}") = "RemapDemo", "RemapDemo\RemapDemo.vcxproj", "{B01F5B42-C352-4EB1-BF4B-36C429B54565}"
EndProject
Project("{8BC9CEB8-8B4A-11D0-8D11-00A0C91BC942}") = "ResizeDemo", "ResizeDemo\ResizeDemo.vcxproj", "{50094631-138E-4E56-8714-54E72880D63B}"
EndProject
Project("{8BC9CEB8-8B4A-11D0-8D11-00A0C91BC942}") = "PrymidDownDemo", "PrymidDownDemo\PrymidDownDemo.vcxproj", "{04203125-2D5D-41AE-B352-9386DEDD82C6}"
EndProject
Project("{8BC9CEB8-8B4A-11D0-8D11-00A0C91BC942}") = "WarpAffineDemo", "WarpAffineDemo\WarpAffineDemo.vcxproj", "{88B1BC22-1038-4375-AD4E-74107B6D6D7F}"
EndProject
Project("{8BC9CEB8-8B4A-11D0-8D11-00A0C91BC942}") = "WarpPerspectiveDemo", "WarpPerspectiveDemo\WarpPerspectiveDemo.vcxproj", "{0F5B803F-BB67-4208-9125-1962C395A9DA}"
EndProject
Project("{8BC9CEB8-8B4A-11D0-8D11-00A0C91BC942}") = "DeskewDemo", "DeskewDemo\DeskewDemo.vcxproj", "{EEE433E6-CBED-4AD2-B625-EA58E32F5694}"
EndProject
Project("{8BC9CEB8-8B4A-11D0-8D11-00A0C91BC942}") = "FloodFillDemo", "FloodFillDemo\FloodFillDemo.vcxproj", "{0A5E4BE6-1916-4CE8-AC00-FA87684169F7}"
EndProject
Project("{8BC9CEB8-8B4A-11D0-8D11-00A0C91BC942}") = "GrabCutDemo", "GrabCutDemo\GrabCutDemo.vcxproj", "{AECF16C6-EB04-433A-A18D-B66A7204492F}"
EndProject
Project("{8BC9CEB8-8B4A-11D0-8D11-00A0C91BC942}") = "ImfillDemo", "ImfillDemo\ImfillDemo.vcxproj", "{F0E576FE-832B-4B9A-AAB2-F676F586D329}"
EndProject
Project("{8BC9CEB8-8B4A-11D0-8D11-00A0C91BC942}") = "KmeansColorDemo", "KmeansColorDemo\KmeansColorDemo.vcxproj", "{33CF7E52-74DE-4D97-85DD-57E353D1246C}"
EndProject
Project("{8BC9CEB8-8B4A-11D0-8D11-00A0C91BC942}") = "MatchTemplateDemo", "MatchTemplateDemo\MatchTemplateDemo.vcxproj", "{CD5DF5F2-99ED-4883-B1F4-F60419D332EB}"
EndProject
Project("{8BC9CEB8-8B4A-11D0-8D11-00A0C91BC942}") = "BRISKDemo", "BRISKDemo\BRISKDemo.vcxproj", "{7B782905-B53B-494B-8593-D6F8E6983601}"
EndProject
Project("{8BC9CEB8-8B4A-11D0-8D11-00A0C91BC942}") = "CornerHarrisDemo", "CornerHarrisDemo\CornerHarrisDemo.vcxproj", "{D00C3616-A34C-4F08-9583-64B461DA2BEA}"
EndProject
Project("{8BC9CEB8-8B4A-11D0-8D11-00A0C91BC942}") = "KAZEDemo", "KAZEDemo\KAZEDemo.vcxproj", "{2D215BEC-85DF-4665-BC8E-1D6F57CCF84E}"
EndProject
Project("{8BC9CEB8-8B4A-11D0-8D11-00A0C91BC942}") = "ORBDemo", "ORBDemo\ORBDemo.vcxproj", "{06AAF4E7-713E-4E08-87B5-388B28F44894}"
EndProject
Project("{8BC9CEB8-8B4A-11D0-8D11-00A0C91BC942}") = "KNNDemo", "KNNDemo\KNNDemo.vcxproj", "{125F728B-1251-4D94-A67F-0D422C191234}"
EndProject
Project("{8BC9CEB8-8B4A-11D0-8D11-00A0C91BC942}") = "MLPDemo", "MLPDemo\MLPDemo.vcxproj", "{2AABCACF-F3A7-4409-ACD1-B389FC787359}"
EndProject
Project("{8BC9CEB8-8B4A-11D0-8D11-00A0C91BC942}") = "SVMLinearDemo", "SVMLinearDemo\SVMLinearDemo.vcxproj", "{0D249BFF-A29C-4074-89C4-EED09C96F315}"
EndProject
Project("{8BC9CEB8-8B4A-11D0-8D11-00A0C91BC942}") = "FaceDetecttionDemo", "FaceDetecttionDemo\FaceDetecttionDemo.vcxproj", "{36C864AC-17DA-47FF-AA86-B087B490FCAF}"
EndProject
Project("{8BC9CEB8-8B4A-11D0-8D11-00A0C91BC942}") = "ATEST", "ATEST\ATEST.vcxproj", "{A1C7F851-F24B-4AE7-BB1C-94C610338598}"
EndProject
Global
	GlobalSection(SolutionConfigurationPlatforms) = preSolution
		Debug|x64 = Debug|x64
		Debug|x86 = Debug|x86
		Release|x64 = Release|x64
		Release|x86 = Release|x86
	EndGlobalSection
	GlobalSection(ProjectConfigurationPlatforms) = postSolution
		{BA006BA2-AA8F-43BB-8A2C-95570B4DEAA6}.Debug|x64.ActiveCfg = Debug|x64
		{BA006BA2-AA8F-43BB-8A2C-95570B4DEAA6}.Debug|x64.Build.0 = Debug|x64
		{BA006BA2-AA8F-43BB-8A2C-95570B4DEAA6}.Debug|x86.ActiveCfg = Debug|Win32
		{BA006BA2-AA8F-43BB-8A2C-95570B4DEAA6}.Debug|x86.Build.0 = Debug|Win32
		{BA006BA2-AA8F-43BB-8A2C-95570B4DEAA6}.Release|x64.ActiveCfg = Release|x64
		{BA006BA2-AA8F-43BB-8A2C-95570B4DEAA6}.Release|x64.Build.0 = Release|x64
		{BA006BA2-AA8F-43BB-8A2C-95570B4DEAA6}.Release|x86.ActiveCfg = Release|Win32
		{BA006BA2-AA8F-43BB-8A2C-95570B4DEAA6}.Release|x86.Build.0 = Release|Win32
		{B63FA0CC-FC1B-431D-A57F-A60B936D0141}.Debug|x64.ActiveCfg = Debug|x64
		{B63FA0CC-FC1B-431D-A57F-A60B936D0141}.Debug|x64.Build.0 = Debug|x64
		{B63FA0CC-FC1B-431D-A57F-A60B936D0141}.Debug|x86.ActiveCfg = Debug|Win32
		{B63FA0CC-FC1B-431D-A57F-A60B936D0141}.Debug|x86.Build.0 = Debug|Win32
		{B63FA0CC-FC1B-431D-A57F-A60B936D0141}.Release|x64.ActiveCfg = Release|x64
		{B63FA0CC-FC1B-431D-A57F-A60B936D0141}.Release|x64.Build.0 = Release|x64
		{B63FA0CC-FC1B-431D-A57F-A60B936D0141}.Release|x86.ActiveCfg = Release|Win32
		{B63FA0CC-FC1B-431D-A57F-A60B936D0141}.Release|x86.Build.0 = Release|Win32
		{DA73396C-7D3D-4719-B7A6-AA1B175A3B45}.Debug|x64.ActiveCfg = Debug|x64
		{DA73396C-7D3D-4719-B7A6-AA1B175A3B45}.Debug|x64.Build.0 = Debug|x64
		{DA73396C-7D3D-4719-B7A6-AA1B175A3B45}.Debug|x86.ActiveCfg = Debug|Win32
		{DA73396C-7D3D-4719-B7A6-AA1B175A3B45}.Debug|x86.Build.0 = Debug|Win32
		{DA73396C-7D3D-4719-B7A6-AA1B175A3B45}.Release|x64.ActiveCfg = Release|x64
		{DA73396C-7D3D-4719-B7A6-AA1B175A3B45}.Release|x64.Build.0 = Release|x64
		{DA73396C-7D3D-4719-B7A6-AA1B175A3B45}.Release|x86.ActiveCfg = Release|Win32
		{DA73396C-7D3D-4719-B7A6-AA1B175A3B45}.Release|x86.Build.0 = Release|Win32
		{F6932995-1087-495F-A184-930C17EA3ADB}.Debug|x64.ActiveCfg = Debug|x64
		{F6932995-1087-495F-A184-930C17EA3ADB}.Debug|x64.Build.0 = Debug|x64
		{F6932995-1087-495F-A184-930C17EA3ADB}.Debug|x86.ActiveCfg = Debug|Win32
		{F6932995-1087-495F-A184-930C17EA3ADB}.Debug|x86.Build.0 = Debug|Win32
		{F6932995-1087-495F-A184-930C17EA3ADB}.Release|x64.ActiveCfg = Release|x64
		{F6932995-1087-495F-A184-930C17EA3ADB}.Release|x64.Build.0 = Release|x64
		{F6932995-1087-495F-A184-930C17EA3ADB}.Release|x86.ActiveCfg = Release|Win32
		{F6932995-1087-495F-A184-930C17EA3ADB}.Release|x86.Build.0 = Release|Win32
		{DB5FF351-1F92-4388-87AA-8C5D2F363617}.Debug|x64.ActiveCfg = Debug|x64
		{DB5FF351-1F92-4388-87AA-8C5D2F363617}.Debug|x64.Build.0 = Debug|x64
		{DB5FF351-1F92-4388-87AA-8C5D2F363617}.Debug|x86.ActiveCfg = Debug|Win32
		{DB5FF351-1F92-4388-87AA-8C5D2F363617}.Debug|x86.Build.0 = Debug|Win32
		{DB5FF351-1F92-4388-87AA-8C5D2F363617}.Release|x64.ActiveCfg = Release|x64
		{DB5FF351-1F92-4388-87AA-8C5D2F363617}.Release|x64.Build.0 = Release|x64
		{DB5FF351-1F92-4388-87AA-8C5D2F363617}.Release|x86.ActiveCfg = Release|Win32
		{DB5FF351-1F92-4388-87AA-8C5D2F363617}.Release|x86.Build.0 = Release|Win32
		{786F229C-CCB2-4762-A7C7-292789CFD883}.Debug|x64.ActiveCfg = Debug|x64
		{786F229C-CCB2-4762-A7C7-292789CFD883}.Debug|x64.Build.0 = Debug|x64
		{786F229C-CCB2-4762-A7C7-292789CFD883}.Debug|x86.ActiveCfg = Debug|Win32
		{786F229C-CCB2-4762-A7C7-292789CFD883}.Debug|x86.Build.0 = Debug|Win32
		{786F229C-CCB2-4762-A7C7-292789CFD883}.Release|x64.ActiveCfg = Release|x64
		{786F229C-CCB2-4762-A7C7-292789CFD883}.Release|x64.Build.0 = Release|x64
		{786F229C-CCB2-4762-A7C7-292789CFD883}.Release|x86.ActiveCfg = Release|Win32
		{786F229C-CCB2-4762-A7C7-292789CFD883}.Release|x86.Build.0 = Release|Win32
		{F0EFC7D2-22AE-4CBC-934E-83289E3E3515}.Debug|x64.ActiveCfg = Debug|x64
		{F0EFC7D2-22AE-4CBC-934E-83289E3E3515}.Debug|x64.Build.0 = Debug|x64
		{F0EFC7D2-22AE-4CBC-934E-83289E3E3515}.Debug|x86.ActiveCfg = Debug|Win32
		{F0EFC7D2-22AE-4CBC-934E-83289E3E3515}.Debug|x86.Build.0 = Debug|Win32
		{F0EFC7D2-22AE-4CBC-934E-83289E3E3515}.Release|x64.ActiveCfg = Release|x64
		{F0EFC7D2-22AE-4CBC-934E-83289E3E3515}.Release|x64.Build.0 = Release|x64
		{F0EFC7D2-22AE-4CBC-934E-83289E3E3515}.Release|x86.ActiveCfg = Release|Win32
		{F0EFC7D2-22AE-4CBC-934E-83289E3E3515}.Release|x86.Build.0 = Release|Win32
		{AFE78FB4-B606-4720-A62E-1E08F2FE0717}.Debug|x64.ActiveCfg = Debug|x64
		{AFE78FB4-B606-4720-A62E-1E08F2FE0717}.Debug|x64.Build.0 = Debug|x64
		{AFE78FB4-B606-4720-A62E-1E08F2FE0717}.Debug|x86.ActiveCfg = Debug|Win32
		{AFE78FB4-B606-4720-A62E-1E08F2FE0717}.Debug|x86.Build.0 = Debug|Win32
		{AFE78FB4-B606-4720-A62E-1E08F2FE0717}.Release|x64.ActiveCfg = Release|x64
		{AFE78FB4-B606-4720-A62E-1E08F2FE0717}.Release|x64.Build.0 = Release|x64
		{AFE78FB4-B606-4720-A62E-1E08F2FE0717}.Release|x86.ActiveCfg = Release|Win32
		{AFE78FB4-B606-4720-A62E-1E08F2FE0717}.Release|x86.Build.0 = Release|Win32
		{35109B55-5D82-4732-8DBB-C32749B9B5CA}.Debug|x64.ActiveCfg = Debug|x64
		{35109B55-5D82-4732-8DBB-C32749B9B5CA}.Debug|x64.Build.0 = Debug|x64
		{35109B55-5D82-4732-8DBB-C32749B9B5CA}.Debug|x86.ActiveCfg = Debug|Win32
		{35109B55-5D82-4732-8DBB-C32749B9B5CA}.Debug|x86.Build.0 = Debug|Win32
		{35109B55-5D82-4732-8DBB-C32749B9B5CA}.Release|x64.ActiveCfg = Release|x64
		{35109B55-5D82-4732-8DBB-C32749B9B5CA}.Release|x64.Build.0 = Release|x64
		{35109B55-5D82-4732-8DBB-C32749B9B5CA}.Release|x86.ActiveCfg = Release|Win32
		{35109B55-5D82-4732-8DBB-C32749B9B5CA}.Release|x86.Build.0 = Release|Win32
		{1D61CA10-B66C-493D-9459-0D8364BC9B6D}.Debug|x64.ActiveCfg = Debug|x64
		{1D61CA10-B66C-493D-9459-0D8364BC9B6D}.Debug|x64.Build.0 = Debug|x64
		{1D61CA10-B66C-493D-9459-0D8364BC9B6D}.Debug|x86.ActiveCfg = Debug|Win32
		{1D61CA10-B66C-493D-9459-0D8364BC9B6D}.Debug|x86.Build.0 = Debug|Win32
		{1D61CA10-B66C-493D-9459-0D8364BC9B6D}.Release|x64.ActiveCfg = Release|x64
		{1D61CA10-B66C-493D-9459-0D8364BC9B6D}.Release|x64.Build.0 = Release|x64
		{1D61CA10-B66C-493D-9459-0D8364BC9B6D}.Release|x86.ActiveCfg = Release|Win32
		{1D61CA10-B66C-493D-9459-0D8364BC9B6D}.Release|x86.Build.0 = Release|Win32
		{61C0CB20-4FCC-4E9D-987B-21E269DBAE85}.Debug|x64.ActiveCfg = Debug|x64
		{61C0CB20-4FCC-4E9D-987B-21E269DBAE85}.Debug|x64.Build.0 = Debug|x64
		{61C0CB20-4FCC-4E9D-987B-21E269DBAE85}.Debug|x86.ActiveCfg = Debug|Win32
		{61C0CB20-4FCC-4E9D-987B-21E269DBAE85}.Debug|x86.Build.0 = Debug|Win32
		{61C0CB20-4FCC-4E9D-987B-21E269DBAE85}.Release|x64.ActiveCfg = Release|x64
		{61C0CB20-4FCC-4E9D-987B-21E269DBAE85}.Release|x64.Build.0 = Release|x64
		{61C0CB20-4FCC-4E9D-987B-21E269DBAE85}.Release|x86.ActiveCfg = Release|Win32
		{61C0CB20-4FCC-4E9D-987B-21E269DBAE85}.Release|x86.Build.0 = Release|Win32
		{43193273-EC93-49F0-B2D0-01FA2719F863}.Debug|x64.ActiveCfg = Debug|x64
		{43193273-EC93-49F0-B2D0-01FA2719F863}.Debug|x64.Build.0 = Debug|x64
		{43193273-EC93-49F0-B2D0-01FA2719F863}.Debug|x86.ActiveCfg = Debug|Win32
		{43193273-EC93-49F0-B2D0-01FA2719F863}.Debug|x86.Build.0 = Debug|Win32
		{43193273-EC93-49F0-B2D0-01FA2719F863}.Release|x64.ActiveCfg = Release|x64
		{43193273-EC93-49F0-B2D0-01FA2719F863}.Release|x64.Build.0 = Release|x64
		{43193273-EC93-49F0-B2D0-01FA2719F863}.Release|x86.ActiveCfg = Release|Win32
		{43193273-EC93-49F0-B2D0-01FA2719F863}.Release|x86.Build.0 = Release|Win32
		{9BDFE385-78F0-4A90-8DB8-BD81D8708ADD}.Debug|x64.ActiveCfg = Debug|x64
		{9BDFE385-78F0-4A90-8DB8-BD81D8708ADD}.Debug|x64.Build.0 = Debug|x64
		{9BDFE385-78F0-4A90-8DB8-BD81D8708ADD}.Debug|x86.ActiveCfg = Debug|Win32
		{9BDFE385-78F0-4A90-8DB8-BD81D8708ADD}.Debug|x86.Build.0 = Debug|Win32
		{9BDFE385-78F0-4A90-8DB8-BD81D8708ADD}.Release|x64.ActiveCfg = Release|x64
		{9BDFE385-78F0-4A90-8DB8-BD81D8708ADD}.Release|x64.Build.0 = Release|x64
		{9BDFE385-78F0-4A90-8DB8-BD81D8708ADD}.Release|x86.ActiveCfg = Release|Win32
		{9BDFE385-78F0-4A90-8DB8-BD81D8708ADD}.Release|x86.Build.0 = Release|Win32
		{4AE6BB8B-3BF6-46EC-850F-35597472A5F8}.Debug|x64.ActiveCfg = Debug|x64
		{4AE6BB8B-3BF6-46EC-850F-35597472A5F8}.Debug|x64.Build.0 = Debug|x64
		{4AE6BB8B-3BF6-46EC-850F-35597472A5F8}.Debug|x86.ActiveCfg = Debug|Win32
		{4AE6BB8B-3BF6-46EC-850F-35597472A5F8}.Debug|x86.Build.0 = Debug|Win32
		{4AE6BB8B-3BF6-46EC-850F-35597472A5F8}.Release|x64.ActiveCfg = Release|x64
		{4AE6BB8B-3BF6-46EC-850F-35597472A5F8}.Release|x64.Build.0 = Release|x64
		{4AE6BB8B-3BF6-46EC-850F-35597472A5F8}.Release|x86.ActiveCfg = Release|Win32
		{4AE6BB8B-3BF6-46EC-850F-35597472A5F8}.Release|x86.Build.0 = Release|Win32
		{B82DDCCE-8052-4394-901A-BE79B618559F}.Debug|x64.ActiveCfg = Debug|x64
		{B82DDCCE-8052-4394-901A-BE79B618559F}.Debug|x64.Build.0 = Debug|x64
		{B82DDCCE-8052-4394-901A-BE79B618559F}.Debug|x86.ActiveCfg = Debug|Win32
		{B82DDCCE-8052-4394-901A-BE79B618559F}.Debug|x86.Build.0 = Debug|Win32
		{B82DDCCE-8052-4394-901A-BE79B618559F}.Release|x64.ActiveCfg = Release|x64
		{B82DDCCE-8052-4394-901A-BE79B618559F}.Release|x64.Build.0 = Release|x64
		{B82DDCCE-8052-4394-901A-BE79B618559F}.Release|x86.ActiveCfg = Release|Win32
		{B82DDCCE-8052-4394-901A-BE79B618559F}.Release|x86.Build.0 = Release|Win32
		{BA68B582-2CC3-4EE2-ABD6-701236C7DA18}.Debug|x64.ActiveCfg = Debug|x64
		{BA68B582-2CC3-4EE2-ABD6-701236C7DA18}.Debug|x64.Build.0 = Debug|x64
		{BA68B582-2CC3-4EE2-ABD6-701236C7DA18}.Debug|x86.ActiveCfg = Debug|Win32
		{BA68B582-2CC3-4EE2-ABD6-701236C7DA18}.Debug|x86.Build.0 = Debug|Win32
		{BA68B582-2CC3-4EE2-ABD6-701236C7DA18}.Release|x64.ActiveCfg = Release|x64
		{BA68B582-2CC3-4EE2-ABD6-701236C7DA18}.Release|x64.Build.0 = Release|x64
		{BA68B582-2CC3-4EE2-ABD6-701236C7DA18}.Release|x86.ActiveCfg = Release|Win32
		{BA68B582-2CC3-4EE2-ABD6-701236C7DA18}.Release|x86.Build.0 = Release|Win32
		{0D594A4E-B373-4C5B-940F-C59FA21576C7}.Debug|x64.ActiveCfg = Debug|x64
		{0D594A4E-B373-4C5B-940F-C59FA21576C7}.Debug|x64.Build.0 = Debug|x64
		{0D594A4E-B373-4C5B-940F-C59FA21576C7}.Debug|x86.ActiveCfg = Debug|Win32
		{0D594A4E-B373-4C5B-940F-C59FA21576C7}.Debug|x86.Build.0 = Debug|Win32
		{0D594A4E-B373-4C5B-940F-C59FA21576C7}.Release|x64.ActiveCfg = Release|x64
		{0D594A4E-B373-4C5B-940F-C59FA21576C7}.Release|x64.Build.0 = Release|x64
		{0D594A4E-B373-4C5B-940F-C59FA21576C7}.Release|x86.ActiveCfg = Release|Win32
		{0D594A4E-B373-4C5B-940F-C59FA21576C7}.Release|x86.Build.0 = Release|Win32
		{0BB64353-4CDA-4669-8F2A-72A89A570337}.Debug|x64.ActiveCfg = Debug|x64
		{0BB64353-4CDA-4669-8F2A-72A89A570337}.Debug|x64.Build.0 = Debug|x64
		{0BB64353-4CDA-4669-8F2A-72A89A570337}.Debug|x86.ActiveCfg = Debug|Win32
		{0BB64353-4CDA-4669-8F2A-72A89A570337}.Debug|x86.Build.0 = Debug|Win32
		{0BB64353-4CDA-4669-8F2A-72A89A570337}.Release|x64.ActiveCfg = Release|x64
		{0BB64353-4CDA-4669-8F2A-72A89A570337}.Release|x64.Build.0 = Release|x64
		{0BB64353-4CDA-4669-8F2A-72A89A570337}.Release|x86.ActiveCfg = Release|Win32
		{0BB64353-4CDA-4669-8F2A-72A89A570337}.Release|x86.Build.0 = Release|Win32
		{6579E921-7BC5-47A7-8208-4C30526DE4B2}.Debug|x64.ActiveCfg = Debug|x64
		{6579E921-7BC5-47A7-8208-4C30526DE4B2}.Debug|x64.Build.0 = Debug|x64
		{6579E921-7BC5-47A7-8208-4C30526DE4B2}.Debug|x86.ActiveCfg = Debug|Win32
		{6579E921-7BC5-47A7-8208-4C30526DE4B2}.Debug|x86.Build.0 = Debug|Win32
		{6579E921-7BC5-47A7-8208-4C30526DE4B2}.Release|x64.ActiveCfg = Release|x64
		{6579E921-7BC5-47A7-8208-4C30526DE4B2}.Release|x64.Build.0 = Release|x64
		{6579E921-7BC5-47A7-8208-4C30526DE4B2}.Release|x86.ActiveCfg = Release|Win32
		{6579E921-7BC5-47A7-8208-4C30526DE4B2}.Release|x86.Build.0 = Release|Win32
		{998043AF-EEDB-481D-B1CD-46B6A1EADA73}.Debug|x64.ActiveCfg = Debug|x64
		{998043AF-EEDB-481D-B1CD-46B6A1EADA73}.Debug|x64.Build.0 = Debug|x64
		{998043AF-EEDB-481D-B1CD-46B6A1EADA73}.Debug|x86.ActiveCfg = Debug|Win32
		{998043AF-EEDB-481D-B1CD-46B6A1EADA73}.Debug|x86.Build.0 = Debug|Win32
		{998043AF-EEDB-481D-B1CD-46B6A1EADA73}.Release|x64.ActiveCfg = Release|x64
		{998043AF-EEDB-481D-B1CD-46B6A1EADA73}.Release|x64.Build.0 = Release|x64
		{998043AF-EEDB-481D-B1CD-46B6A1EADA73}.Release|x86.ActiveCfg = Release|Win32
		{998043AF-EEDB-481D-B1CD-46B6A1EADA73}.Release|x86.Build.0 = Release|Win32
		{9CF4B2ED-FCC7-43EC-89E1-AE3201F5D814}.Debug|x64.ActiveCfg = Debug|x64
		{9CF4B2ED-FCC7-43EC-89E1-AE3201F5D814}.Debug|x64.Build.0 = Debug|x64
		{9CF4B2ED-FCC7-43EC-89E1-AE3201F5D814}.Debug|x86.ActiveCfg = Debug|Win32
		{9CF4B2ED-FCC7-43EC-89E1-AE3201F5D814}.Debug|x86.Build.0 = Debug|Win32
		{9CF4B2ED-FCC7-43EC-89E1-AE3201F5D814}.Release|x64.ActiveCfg = Release|x64
		{9CF4B2ED-FCC7-43EC-89E1-AE3201F5D814}.Release|x64.Build.0 = Release|x64
		{9CF4B2ED-FCC7-43EC-89E1-AE3201F5D814}.Release|x86.ActiveCfg = Release|Win32
		{9CF4B2ED-FCC7-43EC-89E1-AE3201F5D814}.Release|x86.Build.0 = Release|Win32
		{1ECC99EA-8ACE-4E23-860E-253D268978DC}.Debug|x64.ActiveCfg = Debug|x64
		{1ECC99EA-8ACE-4E23-860E-253D268978DC}.Debug|x64.Build.0 = Debug|x64
		{1ECC99EA-8ACE-4E23-860E-253D268978DC}.Debug|x86.ActiveCfg = Debug|Win32
		{1ECC99EA-8ACE-4E23-860E-253D268978DC}.Debug|x86.Build.0 = Debug|Win32
		{1ECC99EA-8ACE-4E23-860E-253D268978DC}.Release|x64.ActiveCfg = Release|x64
		{1ECC99EA-8ACE-4E23-860E-253D268978DC}.Release|x64.Build.0 = Release|x64
		{1ECC99EA-8ACE-4E23-860E-253D268978DC}.Release|x86.ActiveCfg = Release|Win32
		{1ECC99EA-8ACE-4E23-860E-253D268978DC}.Release|x86.Build.0 = Release|Win32
		{5B86B58A-8DD1-4F60-8582-4B32F972D838}.Debug|x64.ActiveCfg = Debug|x64
		{5B86B58A-8DD1-4F60-8582-4B32F972D838}.Debug|x64.Build.0 = Debug|x64
		{5B86B58A-8DD1-4F60-8582-4B32F972D838}.Debug|x86.ActiveCfg = Debug|Win32
		{5B86B58A-8DD1-4F60-8582-4B32F972D838}.Debug|x86.Build.0 = Debug|Win32
		{5B86B58A-8DD1-4F60-8582-4B32F972D838}.Release|x64.ActiveCfg = Release|x64
		{5B86B58A-8DD1-4F60-8582-4B32F972D838}.Release|x64.Build.0 = Release|x64
		{5B86B58A-8DD1-4F60-8582-4B32F972D838}.Release|x86.ActiveCfg = Release|Win32
		{5B86B58A-8DD1-4F60-8582-4B32F972D838}.Release|x86.Build.0 = Release|Win32
		{CBD045E8-E3BC-42C5-8E7D-0D7701FFAA01}.Debug|x64.ActiveCfg = Debug|x64
		{CBD045E8-E3BC-42C5-8E7D-0D7701FFAA01}.Debug|x64.Build.0 = Debug|x64
		{CBD045E8-E3BC-42C5-8E7D-0D7701FFAA01}.Debug|x86.ActiveCfg = Debug|Win32
		{CBD045E8-E3BC-42C5-8E7D-0D7701FFAA01}.Debug|x86.Build.0 = Debug|Win32
		{CBD045E8-E3BC-42C5-8E7D-0D7701FFAA01}.Release|x64.ActiveCfg = Release|x64
		{CBD045E8-E3BC-42C5-8E7D-0D7701FFAA01}.Release|x64.Build.0 = Release|x64
		{CBD045E8-E3BC-42C5-8E7D-0D7701FFAA01}.Release|x86.ActiveCfg = Release|Win32
		{CBD045E8-E3BC-42C5-8E7D-0D7701FFAA01}.Release|x86.Build.0 = Release|Win32
		{F8FCC0CE-0D31-4CC8-B7C6-F004AAE25EDE}.Debug|x64.ActiveCfg = Debug|x64
		{F8FCC0CE-0D31-4CC8-B7C6-F004AAE25EDE}.Debug|x64.Build.0 = Debug|x64
		{F8FCC0CE-0D31-4CC8-B7C6-F004AAE25EDE}.Debug|x86.ActiveCfg = Debug|Win32
		{F8FCC0CE-0D31-4CC8-B7C6-F004AAE25EDE}.Debug|x86.Build.0 = Debug|Win32
		{F8FCC0CE-0D31-4CC8-B7C6-F004AAE25EDE}.Release|x64.ActiveCfg = Release|x64
		{F8FCC0CE-0D31-4CC8-B7C6-F004AAE25EDE}.Release|x64.Build.0 = Release|x64
		{F8FCC0CE-0D31-4CC8-B7C6-F004AAE25EDE}.Release|x86.ActiveCfg = Release|Win32
		{F8FCC0CE-0D31-4CC8-B7C6-F004AAE25EDE}.Release|x86.Build.0 = Release|Win32
		{1C1FA60D-F6E4-4ACD-B52E-DB0806168887}.Debug|x64.ActiveCfg = Debug|x64
		{1C1FA60D-F6E4-4ACD-B52E-DB0806168887}.Debug|x64.Build.0 = Debug|x64
		{1C1FA60D-F6E4-4ACD-B52E-DB0806168887}.Debug|x86.ActiveCfg = Debug|Win32
		{1C1FA60D-F6E4-4ACD-B52E-DB0806168887}.Debug|x86.Build.0 = Debug|Win32
		{1C1FA60D-F6E4-4ACD-B52E-DB0806168887}.Release|x64.ActiveCfg = Release|x64
		{1C1FA60D-F6E4-4ACD-B52E-DB0806168887}.Release|x64.Build.0 = Release|x64
		{1C1FA60D-F6E4-4ACD-B52E-DB0806168887}.Release|x86.ActiveCfg = Release|Win32
		{1C1FA60D-F6E4-4ACD-B52E-DB0806168887}.Release|x86.Build.0 = Release|Win32
		{722D4BB6-DFF9-40BC-986F-2F740F50B642}.Debug|x64.ActiveCfg = Debug|x64
		{722D4BB6-DFF9-40BC-986F-2F740F50B642}.Debug|x64.Build.0 = Debug|x64
		{722D4BB6-DFF9-40BC-986F-2F740F50B642}.Debug|x86.ActiveCfg = Debug|Win32
		{722D4BB6-DFF9-40BC-986F-2F740F50B642}.Debug|x86.Build.0 = Debug|Win32
		{722D4BB6-DFF9-40BC-986F-2F740F50B642}.Release|x64.ActiveCfg = Release|x64
		{722D4BB6-DFF9-40BC-986F-2F740F50B642}.Release|x64.Build.0 = Release|x64
		{722D4BB6-DFF9-40BC-986F-2F740F50B642}.Release|x86.ActiveCfg = Release|Win32
		{722D4BB6-DFF9-40BC-986F-2F740F50B642}.Release|x86.Build.0 = Release|Win32
		{C10D1115-455D-4042-B966-16F9D52DB38C}.Debug|x64.ActiveCfg = Debug|x64
		{C10D1115-455D-4042-B966-16F9D52DB38C}.Debug|x64.Build.0 = Debug|x64
		{C10D1115-455D-4042-B966-16F9D52DB38C}.Debug|x86.ActiveCfg = Debug|Win32
		{C10D1115-455D-4042-B966-16F9D52DB38C}.Debug|x86.Build.0 = Debug|Win32
		{C10D1115-455D-4042-B966-16F9D52DB38C}.Release|x64.ActiveCfg = Release|x64
		{C10D1115-455D-4042-B966-16F9D52DB38C}.Release|x64.Build.0 = Release|x64
		{C10D1115-455D-4042-B966-16F9D52DB38C}.Release|x86.ActiveCfg = Release|Win32
		{C10D1115-455D-4042-B966-16F9D52DB38C}.Release|x86.Build.0 = Release|Win32
		{8699BECC-62CF-4E17-AF24-C33EA0B251B7}.Debug|x64.ActiveCfg = Debug|x64
		{8699BECC-62CF-4E17-AF24-C33EA0B251B7}.Debug|x64.Build.0 = Debug|x64
		{8699BECC-62CF-4E17-AF24-C33EA0B251B7}.Debug|x86.ActiveCfg = Debug|Win32
		{8699BECC-62CF-4E17-AF24-C33EA0B251B7}.Debug|x86.Build.0 = Debug|Win32
		{8699BECC-62CF-4E17-AF24-C33EA0B251B7}.Release|x64.ActiveCfg = Release|x64
		{8699BECC-62CF-4E17-AF24-C33EA0B251B7}.Release|x64.Build.0 = Release|x64
		{8699BECC-62CF-4E17-AF24-C33EA0B251B7}.Release|x86.ActiveCfg = Release|Win32
		{8699BECC-62CF-4E17-AF24-C33EA0B251B7}.Release|x86.Build.0 = Release|Win32
		{4CC3B7F8-9947-495A-910E-AD5067DDFABF}.Debug|x64.ActiveCfg = Debug|x64
		{4CC3B7F8-9947-495A-910E-AD5067DDFABF}.Debug|x64.Build.0 = Debug|x64
		{4CC3B7F8-9947-495A-910E-AD5067DDFABF}.Debug|x86.ActiveCfg = Debug|Win32
		{4CC3B7F8-9947-495A-910E-AD5067DDFABF}.Debug|x86.Build.0 = Debug|Win32
		{4CC3B7F8-9947-495A-910E-AD5067DDFABF}.Release|x64.ActiveCfg = Release|x64
		{4CC3B7F8-9947-495A-910E-AD5067DDFABF}.Release|x64.Build.0 = Release|x64
		{4CC3B7F8-9947-495A-910E-AD5067DDFABF}.Release|x86.ActiveCfg = Release|Win32
		{4CC3B7F8-9947-495A-910E-AD5067DDFABF}.Release|x86.Build.0 = Release|Win32
		{79FB5A47-11FC-4B78-BCC9-43870E47016F}.Debug|x64.ActiveCfg = Debug|x64
		{79FB5A47-11FC-4B78-BCC9-43870E47016F}.Debug|x64.Build.0 = Debug|x64
		{79FB5A47-11FC-4B78-BCC9-43870E47016F}.Debug|x86.ActiveCfg = Debug|Win32
		{79FB5A47-11FC-4B78-BCC9-43870E47016F}.Debug|x86.Build.0 = Debug|Win32
		{79FB5A47-11FC-4B78-BCC9-43870E47016F}.Release|x64.ActiveCfg = Release|x64
		{79FB5A47-11FC-4B78-BCC9-43870E47016F}.Release|x64.Build.0 = Release|x64
		{79FB5A47-11FC-4B78-BCC9-43870E47016F}.Release|x86.ActiveCfg = Release|Win32
		{79FB5A47-11FC-4B78-BCC9-43870E47016F}.Release|x86.Build.0 = Release|Win32
		{E05F054E-F5EA-47BB-B0DE-FA3288436FE4}.Debug|x64.ActiveCfg = Debug|x64
		{E05F054E-F5EA-47BB-B0DE-FA3288436FE4}.Debug|x64.Build.0 = Debug|x64
		{E05F054E-F5EA-47BB-B0DE-FA3288436FE4}.Debug|x86.ActiveCfg = Debug|Win32
		{E05F054E-F5EA-47BB-B0DE-FA3288436FE4}.Debug|x86.Build.0 = Debug|Win32
		{E05F054E-F5EA-47BB-B0DE-FA3288436FE4}.Release|x64.ActiveCfg = Release|x64
		{E05F054E-F5EA-47BB-B0DE-FA3288436FE4}.Release|x64.Build.0 = Release|x64
		{E05F054E-F5EA-47BB-B0DE-FA3288436FE4}.Release|x86.ActiveCfg = Release|Win32
		{E05F054E-F5EA-47BB-B0DE-FA3288436FE4}.Release|x86.Build.0 = Release|Win32
		{B01F5B42-C352-4EB1-BF4B-36C429B54565}.Debug|x64.ActiveCfg = Debug|x64
		{B01F5B42-C352-4EB1-BF4B-36C429B54565}.Debug|x64.Build.0 = Debug|x64
		{B01F5B42-C352-4EB1-BF4B-36C429B54565}.Debug|x86.ActiveCfg = Debug|Win32
		{B01F5B42-C352-4EB1-BF4B-36C429B54565}.Debug|x86.Build.0 = Debug|Win32
		{B01F5B42-C352-4EB1-BF4B-36C429B54565}.Release|x64.ActiveCfg = Release|x64
		{B01F5B42-C352-4EB1-BF4B-36C429B54565}.Release|x64.Build.0 = Release|x64
		{B01F5B42-C352-4EB1-BF4B-36C429B54565}.Release|x86.ActiveCfg = Release|Win32
		{B01F5B42-C352-4EB1-BF4B-36C429B54565}.Release|x86.Build.0 = Release|Win32
		{50094631-138E-4E56-8714-54E72880D63B}.Debug|x64.ActiveCfg = Debug|x64
		{50094631-138E-4E56-8714-54E72880D63B}.Debug|x64.Build.0 = Debug|x64
		{50094631-138E-4E56-8714-54E72880D63B}.Debug|x86.ActiveCfg = Debug|Win32
		{50094631-138E-4E56-8714-54E72880D63B}.Debug|x86.Build.0 = Debug|Win32
		{50094631-138E-4E56-8714-54E72880D63B}.Release|x64.ActiveCfg = Release|x64
		{50094631-138E-4E56-8714-54E72880D63B}.Release|x64.Build.0 = Release|x64
		{50094631-138E-4E56-8714-54E72880D63B}.Release|x86.ActiveCfg = Release|Win32
		{50094631-138E-4E56-8714-54E72880D63B}.Release|x86.Build.0 = Release|Win32
		{04203125-2D5D-41AE-B352-9386DEDD82C6}.Debug|x64.ActiveCfg = Debug|x64
		{04203125-2D5D-41AE-B352-9386DEDD82C6}.Debug|x64.Build.0 = Debug|x64
		{04203125-2D5D-41AE-B352-9386DEDD82C6}.Debug|x86.ActiveCfg = Debug|Win32
		{04203125-2D5D-41AE-B352-9386DEDD82C6}.Debug|x86.Build.0 = Debug|Win32
		{04203125-2D5D-41AE-B352-9386DEDD82C6}.Release|x64.ActiveCfg = Release|x64
		{04203125-2D5D-41AE-B352-9386DEDD82C6}.Release|x64.Build.0 = Release|x64
		{04203125-2D5D-41AE-B352-9386DEDD82C6}.Release|x86.ActiveCfg = Release|Win32
		{04203125-2D5D-41AE-B352-9386DEDD82C6}.Release|x86.Build.0 = Release|Win32
		{88B1BC22-1038-4375-AD4E-74107B6D6D7F}.Debug|x64.ActiveCfg = Debug|x64
		{88B1BC22-1038-4375-AD4E-74107B6D6D7F}.Debug|x64.Build.0 = Debug|x64
		{88B1BC22-1038-4375-AD4E-74107B6D6D7F}.Debug|x86.ActiveCfg = Debug|Win32
		{88B1BC22-1038-4375-AD4E-74107B6D6D7F}.Debug|x86.Build.0 = Debug|Win32
		{88B1BC22-1038-4375-AD4E-74107B6D6D7F}.Release|x64.ActiveCfg = Release|x64
		{88B1BC22-1038-4375-AD4E-74107B6D6D7F}.Release|x64.Build.0 = Release|x64
		{88B1BC22-1038-4375-AD4E-74107B6D6D7F}.Release|x86.ActiveCfg = Release|Win32
		{88B1BC22-1038-4375-AD4E-74107B6D6D7F}.Release|x86.Build.0 = Release|Win32
		{0F5B803F-BB67-4208-9125-1962C395A9DA}.Debug|x64.ActiveCfg = Debug|x64
		{0F5B803F-BB67-4208-9125-1962C395A9DA}.Debug|x64.Build.0 = Debug|x64
		{0F5B803F-BB67-4208-9125-1962C395A9DA}.Debug|x86.ActiveCfg = Debug|Win32
		{0F5B803F-BB67-4208-9125-1962C395A9DA}.Debug|x86.Build.0 = Debug|Win32
		{0F5B803F-BB67-4208-9125-1962C395A9DA}.Release|x64.ActiveCfg = Release|x64
		{0F5B803F-BB67-4208-9125-1962C395A9DA}.Release|x64.Build.0 = Release|x64
		{0F5B803F-BB67-4208-9125-1962C395A9DA}.Release|x86.ActiveCfg = Release|Win32
		{0F5B803F-BB67-4208-9125-1962C395A9DA}.Release|x86.Build.0 = Release|Win32
		{EEE433E6-CBED-4AD2-B625-EA58E32F5694}.Debug|x64.ActiveCfg = Debug|x64
		{EEE433E6-CBED-4AD2-B625-EA58E32F5694}.Debug|x64.Build.0 = Debug|x64
		{EEE433E6-CBED-4AD2-B625-EA58E32F5694}.Debug|x86.ActiveCfg = Debug|Win32
		{EEE433E6-CBED-4AD2-B625-EA58E32F5694}.Debug|x86.Build.0 = Debug|Win32
		{EEE433E6-CBED-4AD2-B625-EA58E32F5694}.Release|x64.ActiveCfg = Release|x64
		{EEE433E6-CBED-4AD2-B625-EA58E32F5694}.Release|x64.Build.0 = Release|x64
		{EEE433E6-CBED-4AD2-B625-EA58E32F5694}.Release|x86.ActiveCfg = Release|Win32
		{EEE433E6-CBED-4AD2-B625-EA58E32F5694}.Release|x86.Build.0 = Release|Win32
		{0A5E4BE6-1916-4CE8-AC00-FA87684169F7}.Debug|x64.ActiveCfg = Debug|x64
		{0A5E4BE6-1916-4CE8-AC00-FA87684169F7}.Debug|x64.Build.0 = Debug|x64
		{0A5E4BE6-1916-4CE8-AC00-FA87684169F7}.Debug|x86.ActiveCfg = Debug|Win32
		{0A5E4BE6-1916-4CE8-AC00-FA87684169F7}.Debug|x86.Build.0 = Debug|Win32
		{0A5E4BE6-1916-4CE8-AC00-FA87684169F7}.Release|x64.ActiveCfg = Release|x64
		{0A5E4BE6-1916-4CE8-AC00-FA87684169F7}.Release|x64.Build.0 = Release|x64
		{0A5E4BE6-1916-4CE8-AC00-FA87684169F7}.Release|x86.ActiveCfg = Release|Win32
		{0A5E4BE6-1916-4CE8-AC00-FA87684169F7}.Release|x86.Build.0 = Release|Win32
		{AECF16C6-EB04-433A-A18D-B66A7204492F}.Debug|x64.ActiveCfg = Debug|x64
		{AECF16C6-EB04-433A-A18D-B66A7204492F}.Debug|x64.Build.0 = Debug|x64
		{AECF16C6-EB04-433A-A18D-B66A7204492F}.Debug|x86.ActiveCfg = Debug|Win32
		{AECF16C6-EB04-433A-A18D-B66A7204492F}.Debug|x86.Build.0 = Debug|Win32
		{AECF16C6-EB04-433A-A18D-B66A7204492F}.Release|x64.ActiveCfg = Release|x64
		{AECF16C6-EB04-433A-A18D-B66A7204492F}.Release|x64.Build.0 = Release|x64
		{AECF16C6-EB04-433A-A18D-B66A7204492F}.Release|x86.ActiveCfg = Release|Win32
		{AECF16C6-EB04-433A-A18D-B66A7204492F}.Release|x86.Build.0 = Release|Win32
		{F0E576FE-832B-4B9A-AAB2-F676F586D329}.Debug|x64.ActiveCfg = Debug|x64
		{F0E576FE-832B-4B9A-AAB2-F676F586D329}.Debug|x64.Build.0 = Debug|x64
		{F0E576FE-832B-4B9A-AAB2-F676F586D329}.Debug|x86.ActiveCfg = Debug|Win32
		{F0E576FE-832B-4B9A-AAB2-F676F586D329}.Debug|x86.Build.0 = Debug|Win32
		{F0E576FE-832B-4B9A-AAB2-F676F586D329}.Release|x64.ActiveCfg = Release|x64
		{F0E576FE-832B-4B9A-AAB2-F676F586D329}.Release|x64.Build.0 = Release|x64
		{F0E576FE-832B-4B9A-AAB2-F676F586D329}.Release|x86.ActiveCfg = Release|Win32
		{F0E576FE-832B-4B9A-AAB2-F676F586D329}.Release|x86.Build.0 = Release|Win32
		{33CF7E52-74DE-4D97-85DD-57E353D1246C}.Debug|x64.ActiveCfg = Debug|x64
		{33CF7E52-74DE-4D97-85DD-57E353D1246C}.Debug|x64.Build.0 = Debug|x64
		{33CF7E52-74DE-4D97-85DD-57E353D1246C}.Debug|x86.ActiveCfg = Debug|Win32
		{33CF7E52-74DE-4D97-85DD-57E353D1246C}.Debug|x86.Build.0 = Debug|Win32
		{33CF7E52-74DE-4D97-85DD-57E353D1246C}.Release|x64.ActiveCfg = Release|x64
		{33CF7E52-74DE-4D97-85DD-57E353D1246C}.Release|x64.Build.0 = Release|x64
		{33CF7E52-74DE-4D97-85DD-57E353D1246C}.Release|x86.ActiveCfg = Release|Win32
		{33CF7E52-74DE-4D97-85DD-57E353D1246C}.Release|x86.Build.0 = Release|Win32
		{CD5DF5F2-99ED-4883-B1F4-F60419D332EB}.Debug|x64.ActiveCfg = Debug|x64
		{CD5DF5F2-99ED-4883-B1F4-F60419D332EB}.Debug|x64.Build.0 = Debug|x64
		{CD5DF5F2-99ED-4883-B1F4-F60419D332EB}.Debug|x86.ActiveCfg = Debug|Win32
		{CD5DF5F2-99ED-4883-B1F4-F60419D332EB}.Debug|x86.Build.0 = Debug|Win32
		{CD5DF5F2-99ED-4883-B1F4-F60419D332EB}.Release|x64.ActiveCfg = Release|x64
		{CD5DF5F2-99ED-4883-B1F4-F60419D332EB}.Release|x64.Build.0 = Release|x64
		{CD5DF5F2-99ED-4883-B1F4-F60419D332EB}.Release|x86.ActiveCfg = Release|Win32
		{CD5DF5F2-99ED-4883-B1F4-F60419D332EB}.Release|x86.Build.0 = Release|Win32
		{7B782905-B53B-494B-8593-D6F8E6983601}.Debug|x64.ActiveCfg = Debug|x64
		{7B782905-B53B-494B-8593-D6F8E6983601}.Debug|x64.Build.0 = Debug|x64
		{7B782905-B53B-494B-8593-D6F8E6983601}.Debug|x86.ActiveCfg = Debug|Win32
		{7B782905-B53B-494B-8593-D6F8E6983601}.Debug|x86.Build.0 = Debug|Win32
		{7B782905-B53B-494B-8593-D6F8E6983601}.Release|x64.ActiveCfg = Release|x64
		{7B782905-B53B-494B-8593-D6F8E6983601}.Release|x64.Build.0 = Release|x64
		{7B782905-B53B-494B-8593-D6F8E6983601}.Release|x86.ActiveCfg = Release|Win32
		{7B782905-B53B-494B-8593-D6F8E6983601}.Release|x86.Build.0 = Release|Win32
		{D00C3616-A34C-4F08-9583-64B461DA2BEA}.Debug|x64.ActiveCfg = Debug|x64
		{D00C3616-A34C-4F08-9583-64B461DA2BEA}.Debug|x64.Build.0 = Debug|x64
		{D00C3616-A34C-4F08-9583-64B461DA2BEA}.Debug|x86.ActiveCfg = Debug|Win32
		{D00C3616-A34C-4F08-9583-64B461DA2BEA}.Debug|x86.Build.0 = Debug|Win32
		{D00C3616-A34C-4F08-9583-64B461DA2BEA}.Release|x64.ActiveCfg = Release|x64
		{D00C3616-A34C-4F08-9583-64B461DA2BEA}.Release|x64.Build.0 = Release|x64
		{D00C3616-A34C-4F08-9583-64B461DA2BEA}.Release|x86.ActiveCfg = Release|Win32
		{D00C3616-A34C-4F08-9583-64B461DA2BEA}.Release|x86.Build.0 = Release|Win32
		{2D215BEC-85DF-4665-BC8E-1D6F57CCF84E}.Debug|x64.ActiveCfg = Debug|x64
		{2D215BEC-85DF-4665-BC8E-1D6F57CCF84E}.Debug|x64.Build.0 = Debug|x64
		{2D215BEC-85DF-4665-BC8E-1D6F57CCF84E}.Debug|x86.ActiveCfg = Debug|Win32
		{2D215BEC-85DF-4665-BC8E-1D6F57CCF84E}.Debug|x86.Build.0 = Debug|Win32
		{2D215BEC-85DF-4665-BC8E-1D6F57CCF84E}.Release|x64.ActiveCfg = Release|x64
		{2D215BEC-85DF-4665-BC8E-1D6F57CCF84E}.Release|x64.Build.0 = Release|x64
		{2D215BEC-85DF-4665-BC8E-1D6F57CCF84E}.Release|x86.ActiveCfg = Release|Win32
		{2D215BEC-85DF-4665-BC8E-1D6F57CCF84E}.Release|x86.Build.0 = Release|Win32
		{06AAF4E7-713E-4E08-87B5-388B28F44894}.Debug|x64.ActiveCfg = Debug|x64
		{06AAF4E7-713E-4E08-87B5-388B28F44894}.Debug|x64.Build.0 = Debug|x64
		{06AAF4E7-713E-4E08-87B5-388B28F44894}.Debug|x86.ActiveCfg = Debug|Win32
		{06AAF4E7-713E-4E08-87B5-388B28F44894}.Debug|x86.Build.0 = Debug|Win32
		{06AAF4E7-713E-4E08-87B5-388B28F44894}.Release|x64.ActiveCfg = Release|x64
		{06AAF4E7-713E-4E08-87B5-388B28F44894}.Release|x64.Build.0 = Release|x64
		{06AAF4E7-713E-4E08-87B5-388B28F44894}.Release|x86.ActiveCfg = Release|Win32
		{06AAF4E7-713E-4E08-87B5-388B28F44894}.Release|x86.Build.0 = Release|Win32
		{125F728B-1251-4D94-A67F-0D422C191234}.Debug|x64.ActiveCfg = Debug|x64
		{125F728B-1251-4D94-A67F-0D422C191234}.Debug|x64.Build.0 = Debug|x64
		{125F728B-1251-4D94-A67F-0D422C191234}.Debug|x86.ActiveCfg = Debug|Win32
		{125F728B-1251-4D94-A67F-0D422C191234}.Debug|x86.Build.0 = Debug|Win32
		{125F728B-1251-4D94-A67F-0D422C191234}.Release|x64.ActiveCfg = Release|x64
		{125F728B-1251-4D94-A67F-0D422C191234}.Release|x64.Build.0 = Release|x64
		{125F728B-1251-4D94-A67F-0D422C191234}.Release|x86.ActiveCfg = Release|Win32
		{125F728B-1251-4D94-A67F-0D422C191234}.Release|x86.Build.0 = Release|Win32
		{2AABCACF-F3A7-4409-ACD1-B389FC787359}.Debug|x64.ActiveCfg = Debug|x64
		{2AABCACF-F3A7-4409-ACD1-B389FC787359}.Debug|x64.Build.0 = Debug|x64
		{2AABCACF-F3A7-4409-ACD1-B389FC787359}.Debug|x86.ActiveCfg = Debug|Win32
		{2AABCACF-F3A7-4409-ACD1-B389FC787359}.Debug|x86.Build.0 = Debug|Win32
		{2AABCACF-F3A7-4409-ACD1-B389FC787359}.Release|x64.ActiveCfg = Release|x64
		{2AABCACF-F3A7-4409-ACD1-B389FC787359}.Release|x64.Build.0 = Release|x64
		{2AABCACF-F3A7-4409-ACD1-B389FC787359}.Release|x86.ActiveCfg = Release|Win32
		{2AABCACF-F3A7-4409-ACD1-B389FC787359}.Release|x86.Build.0 = Release|Win32
		{0D249BFF-A29C-4074-89C4-EED09C96F315}.Debug|x64.ActiveCfg = Debug|x64
		{0D249BFF-A29C-4074-89C4-EED09C96F315}.Debug|x64.Build.0 = Debug|x64
		{0D249BFF-A29C-4074-89C4-EED09C96F315}.Debug|x86.ActiveCfg = Debug|Win32
		{0D249BFF-A29C-4074-89C4-EED09C96F315}.Debug|x86.Build.0 = Debug|Win32
		{0D249BFF-A29C-4074-89C4-EED09C96F315}.Release|x64.ActiveCfg = Release|x64
		{0D249BFF-A29C-4074-89C4-EED09C96F315}.Release|x64.Build.0 = Release|x64
		{0D249BFF-A29C-4074-89C4-EED09C96F315}.Release|x86.ActiveCfg = Release|Win32
		{0D249BFF-A29C-4074-89C4-EED09C96F315}.Release|x86.Build.0 = Release|Win32
		{36C864AC-17DA-47FF-AA86-B087B490FCAF}.Debug|x64.ActiveCfg = Debug|x64
		{36C864AC-17DA-47FF-AA86-B087B490FCAF}.Debug|x64.Build.0 = Debug|x64
		{36C864AC-17DA-47FF-AA86-B087B490FCAF}.Debug|x86.ActiveCfg = Debug|Win32
		{36C864AC-17DA-47FF-AA86-B087B490FCAF}.Debug|x86.Build.0 = Debug|Win32
		{36C864AC-17DA-47FF-AA86-B087B490FCAF}.Release|x64.ActiveCfg = Release|x64
		{36C864AC-17DA-47FF-AA86-B087B490FCAF}.Release|x64.Build.0 = Release|x64
		{36C864AC-17DA-47FF-AA86-B087B490FCAF}.Release|x86.ActiveCfg = Release|Win32
		{36C864AC-17DA-47FF-AA86-B087B490FCAF}.Release|x86.Build.0 = Release|Win32
		{A1C7F851-F24B-4AE7-BB1C-94C610338598}.Debug|x64.ActiveCfg = Debug|x64
		{A1C7F851-F24B-4AE7-BB1C-94C610338598}.Debug|x64.Build.0 = Debug|x64
		{A1C7F851-F24B-4AE7-BB1C-94C610338598}.Debug|x86.ActiveCfg = Debug|Win32
		{A1C7F851-F24B-4AE7-BB1C-94C610338598}.Debug|x86.Build.0 = Debug|Win32
		{A1C7F851-F24B-4AE7-BB1C-94C610338598}.Release|x64.ActiveCfg = Release|x64
		{A1C7F851-F24B-4AE7-BB1C-94C610338598}.Release|x64.Build.0 = Release|x64
		{A1C7F851-F24B-4AE7-BB1C-94C610338598}.Release|x86.ActiveCfg = Release|Win32
		{A1C7F851-F24B-4AE7-BB1C-94C610338598}.Release|x86.Build.0 = Release|Win32
	EndGlobalSection
	GlobalSection(SolutionProperties) = preSolution
		HideSolutionNode = FALSE
	EndGlobalSection
	GlobalSection(ExtensibilityGlobals) = postSolution
		SolutionGuid = {8DD94530-FB55-4651-B75C-7CD1A161EB75}
	EndGlobalSection
EndGlobal
